
Microsoft Visual Studio Solution File, Format Version 12.00
# Visual Studio Version 17
VisualStudioVersion = 17.8.34525.116
MinimumVisualStudioVersion = 10.0.40219.1
Project("{9A19103F-16F7-4668-BE54-9A1E7A4F7556}") = "ConsoleApp3", "ConsoleApp3\ConsoleApp3.csproj", "{A6535704-B144-44D7-97AF-ED9542EA74F2}"
EndProject
Project("{E53339B2-1760-4266-BCC7-CA923CBCF16C}") = "docker-compose", "docker-compose.dcproj", "{691A2A1C-9E6A-4C96-8E5D-7F0C777DF04E}"
EndProject
Global
	GlobalSection(SolutionConfigurationPlatforms) = preSolution
		Debug|Any CPU = Debug|Any CPU
		Release|Any CPU = Release|Any CPU
	EndGlobalSection
	GlobalSection(ProjectConfigurationPlatforms) = postSolution
		{A6535704-B144-44D7-97AF-ED9542EA74F2}.Debug|Any CPU.ActiveCfg = Debug|Any CPU
		{A6535704-B144-44D7-97AF-ED9542EA74F2}.Debug|Any CPU.Build.0 = Debug|Any CPU
		{A6535704-B144-44D7-97AF-ED9542EA74F2}.Release|Any CPU.ActiveCfg = Release|Any CPU
		{A6535704-B144-44D7-97AF-ED9542EA74F2}.Release|Any CPU.Build.0 = Release|Any CPU
		{691A2A1C-9E6A-4C96-8E5D-7F0C777DF04E}.Debug|Any CPU.ActiveCfg = Debug|Any CPU
		{691A2A1C-9E6A-4C96-8E5D-7F0C777DF04E}.Debug|Any CPU.Build.0 = Debug|Any CPU
		{691A2A1C-9E6A-4C96-8E5D-7F0C777DF04E}.Release|Any CPU.ActiveCfg = Release|Any CPU
		{691A2A1C-9E6A-4C96-8E5D-7F0C777DF04E}.Release|Any CPU.Build.0 = Release|Any CPU
	EndGlobalSection
	GlobalSection(SolutionProperties) = preSolution
		HideSolutionNode = FALSE
	EndGlobalSection
	GlobalSection(ExtensibilityGlobals) = postSolution
		SolutionGuid = {36BB548E-096E-4DD2-AE98-D4ACA1407999}
	EndGlobalSection
EndGlobal
